
Microsoft Visual Studio Solution File, Format Version 12.00
# Visual Studio Version 17
VisualStudioVersion = 17.5.002.0
MinimumVisualStudioVersion = 10.0.40219.1
Project("{9A19103F-16F7-4668-BE54-9A1E7A4F7556}") = "AzureFunctionExample", "AzureFunctionExample.csproj", "{57F662D6-718E-4E57-929A-3EAA024F31DA}"
EndProject
Global
	GlobalSection(SolutionConfigurationPlatforms) = preSolution
		Debug|Any CPU = Debug|Any CPU
		Release|Any CPU = Release|Any CPU
	EndGlobalSection
	GlobalSection(ProjectConfigurationPlatforms) = postSolution
		{57F662D6-718E-4E57-929A-3EAA024F31DA}.Debug|Any CPU.ActiveCfg = Debug|Any CPU
		{57F662D6-718E-4E57-929A-3EAA024F31DA}.Debug|Any CPU.Build.0 = Debug|Any CPU
		{57F662D6-718E-4E57-929A-3EAA024F31DA}.Release|Any CPU.ActiveCfg = Release|Any CPU
		{57F662D6-718E-4E57-929A-3EAA024F31DA}.Release|Any CPU.Build.0 = Release|Any CPU
	EndGlobalSection
	GlobalSection(SolutionProperties) = preSolution
		HideSolutionNode = FALSE
	EndGlobalSection
	GlobalSection(ExtensibilityGlobals) = postSolution
		SolutionGuid = {07B28973-D66C-45B9-802E-E37BD303E639}
	EndGlobalSection
EndGlobal
